// !$*UTF8*$!
{
	archiveVersion = 1;
	classes = {
	};
	objectVersion = 56;
	objects = {

/* Begin PBXBuildFile section */
		0B04858C2A42279900AA28DC /* CausalLabsSDK.framework in Frameworks */ = {isa = PBXBuildFile; fileRef = 0B0485872A42276800AA28DC /* CausalLabsSDK.framework */; };
		0B04858D2A42279900AA28DC /* CausalLabsSDK.framework in Embed Frameworks */ = {isa = PBXBuildFile; fileRef = 0B0485872A42276800AA28DC /* CausalLabsSDK.framework */; settings = {ATTRIBUTES = (CodeSignOnCopy, RemoveHeadersOnCopy, ); }; };
		0B1C306A29E9C8AD006363EB /* App.swift in Sources */ = {isa = PBXBuildFile; fileRef = 0B1C306929E9C8AD006363EB /* App.swift */; };
		0B1C306C29E9C8AD006363EB /* ContentView.swift in Sources */ = {isa = PBXBuildFile; fileRef = 0B1C306B29E9C8AD006363EB /* ContentView.swift */; };
		0B6D844129E9D46500BEDA39 /* Causal.generated.swift in Sources */ = {isa = PBXBuildFile; fileRef = 0B6D844029E9D46500BEDA39 /* Causal.generated.swift */; };
		0B84D37B2A391C33000E75CC /* OtherView.swift in Sources */ = {isa = PBXBuildFile; fileRef = 0B84D37A2A391C33000E75CC /* OtherView.swift */; };
		0B9EBB312A3D202200F2FECA /* ExampleView.swift in Sources */ = {isa = PBXBuildFile; fileRef = 0B9EBB302A3D202200F2FECA /* ExampleView.swift */; };
		0B9EBB332A3D20DB00F2FECA /* Assets.xcassets in Resources */ = {isa = PBXBuildFile; fileRef = 0B9EBB322A3D20DB00F2FECA /* Assets.xcassets */; };
/* End PBXBuildFile section */

/* Begin PBXContainerItemProxy section */
		0B0485862A42276800AA28DC /* PBXContainerItemProxy */ = {
			isa = PBXContainerItemProxy;
			containerPortal = 0B0485802A42276800AA28DC /* CausalLabsSDK.xcodeproj */;
			proxyType = 2;
			remoteGlobalIDString = 0B8E0D2429E8836100D19CA9;
			remoteInfo = CausalLabsSDK;
		};
		0B0485882A42276800AA28DC /* PBXContainerItemProxy */ = {
			isa = PBXContainerItemProxy;
			containerPortal = 0B0485802A42276800AA28DC /* CausalLabsSDK.xcodeproj */;
			proxyType = 2;
			remoteGlobalIDString = 0B8E0D2C29E8836200D19CA9;
			remoteInfo = UnitTests;
		};
		0B04858A2A42276800AA28DC /* PBXContainerItemProxy */ = {
			isa = PBXContainerItemProxy;
			containerPortal = 0B0485802A42276800AA28DC /* CausalLabsSDK.xcodeproj */;
			proxyType = 2;
			remoteGlobalIDString = 9C2EBA062A37DA9400F3A6B8;
			remoteInfo = RealServerTests;
		};
		0BE838C62A6091AA00E40141 /* PBXContainerItemProxy */ = {
			isa = PBXContainerItemProxy;
			containerPortal = 0B0485802A42276800AA28DC /* CausalLabsSDK.xcodeproj */;
			proxyType = 2;
			remoteGlobalIDString = 0BBCC49E2A4B6E4500C4BD8E;
			remoteInfo = EmptyFDLTests;
		};
/* End PBXContainerItemProxy section */

/* Begin PBXCopyFilesBuildPhase section */
		0B04858E2A42279900AA28DC /* Embed Frameworks */ = {
			isa = PBXCopyFilesBuildPhase;
			buildActionMask = 2147483647;
			dstPath = "";
			dstSubfolderSpec = 10;
			files = (
				0B04858D2A42279900AA28DC /* CausalLabsSDK.framework in Embed Frameworks */,
			);
			name = "Embed Frameworks";
			runOnlyForDeploymentPostprocessing = 0;
		};
/* End PBXCopyFilesBuildPhase section */

/* Begin PBXFileReference section */
		0B0485802A42276800AA28DC /* CausalLabsSDK.xcodeproj */ = {isa = PBXFileReference; lastKnownFileType = "wrapper.pb-project"; name = CausalLabsSDK.xcodeproj; path = ../CausalLabsSDK.xcodeproj; sourceTree = "<group>"; };
		0B1C306629E9C8AD006363EB /* ExampleApp.app */ = {isa = PBXFileReference; explicitFileType = wrapper.application; includeInIndex = 0; path = ExampleApp.app; sourceTree = BUILT_PRODUCTS_DIR; };
		0B1C306929E9C8AD006363EB /* App.swift */ = {isa = PBXFileReference; lastKnownFileType = sourcecode.swift; path = App.swift; sourceTree = "<group>"; };
		0B1C306B29E9C8AD006363EB /* ContentView.swift */ = {isa = PBXFileReference; lastKnownFileType = sourcecode.swift; path = ContentView.swift; sourceTree = "<group>"; };
		0B6D844029E9D46500BEDA39 /* Causal.generated.swift */ = {isa = PBXFileReference; lastKnownFileType = sourcecode.swift; path = Causal.generated.swift; sourceTree = "<group>"; };
		0B84D37A2A391C33000E75CC /* OtherView.swift */ = {isa = PBXFileReference; lastKnownFileType = sourcecode.swift; path = OtherView.swift; sourceTree = "<group>"; };
		0B9EBB302A3D202200F2FECA /* ExampleView.swift */ = {isa = PBXFileReference; fileEncoding = 4; lastKnownFileType = sourcecode.swift; path = ExampleView.swift; sourceTree = "<group>"; };
		0B9EBB322A3D20DB00F2FECA /* Assets.xcassets */ = {isa = PBXFileReference; lastKnownFileType = folder.assetcatalog; path = Assets.xcassets; sourceTree = SOURCE_ROOT; };
		0BBCC4802A4B6A2500C4BD8E /* Features.fdl */ = {isa = PBXFileReference; lastKnownFileType = text; path = Features.fdl; sourceTree = SOURCE_ROOT; };
/* End PBXFileReference section */

/* Begin PBXFrameworksBuildPhase section */
		0B1C306329E9C8AD006363EB /* Frameworks */ = {
			isa = PBXFrameworksBuildPhase;
			buildActionMask = 2147483647;
			files = (
				0B04858C2A42279900AA28DC /* CausalLabsSDK.framework in Frameworks */,
			);
			runOnlyForDeploymentPostprocessing = 0;
		};
/* End PBXFrameworksBuildPhase section */

/* Begin PBXGroup section */
		0B0485812A42276800AA28DC /* Products */ = {
			isa = PBXGroup;
			children = (
				0B0485872A42276800AA28DC /* CausalLabsSDK.framework */,
				0B0485892A42276800AA28DC /* UnitTests.xctest */,
				0BE838C72A6091AA00E40141 /* EmptyFDLTests.xctest */,
				0B04858B2A42276800AA28DC /* RealServerTests.xctest */,
			);
			name = Products;
			sourceTree = "<group>";
		};
		0B1C305D29E9C8AD006363EB = {
			isa = PBXGroup;
			children = (
				0B1C306829E9C8AD006363EB /* Sources */,
				0B1C306729E9C8AD006363EB /* Products */,
				0B6D843D29E9D31E00BEDA39 /* Frameworks */,
				0B0485802A42276800AA28DC /* CausalLabsSDK.xcodeproj */,
			);
			sourceTree = "<group>";
		};
		0B1C306729E9C8AD006363EB /* Products */ = {
			isa = PBXGroup;
			children = (
				0B1C306629E9C8AD006363EB /* ExampleApp.app */,
			);
			name = Products;
			sourceTree = "<group>";
		};
		0B1C306829E9C8AD006363EB /* Sources */ = {
			isa = PBXGroup;
			children = (
				0B1C306929E9C8AD006363EB /* App.swift */,
				0B9EBB322A3D20DB00F2FECA /* Assets.xcassets */,
				0B6D844029E9D46500BEDA39 /* Causal.generated.swift */,
				0B1C306B29E9C8AD006363EB /* ContentView.swift */,
				0B9EBB302A3D202200F2FECA /* ExampleView.swift */,
				0BBCC4802A4B6A2500C4BD8E /* Features.fdl */,
				0B84D37A2A391C33000E75CC /* OtherView.swift */,
			);
			path = Sources;
			sourceTree = "<group>";
		};
		0B6D843D29E9D31E00BEDA39 /* Frameworks */ = {
			isa = PBXGroup;
			children = (
			);
			name = Frameworks;
			sourceTree = "<group>";
		};
/* End PBXGroup section */

/* Begin PBXNativeTarget section */
		0B1C306529E9C8AD006363EB /* ExampleApp */ = {
			isa = PBXNativeTarget;
			buildConfigurationList = 0B1C307429E9C8AF006363EB /* Build configuration list for PBXNativeTarget "ExampleApp" */;
			buildPhases = (
				0B6D844429E9D65900BEDA39 /* Causal FDL Generation */,
				0B1C306229E9C8AD006363EB /* Sources */,
				0B1C306329E9C8AD006363EB /* Frameworks */,
				0B1C306429E9C8AD006363EB /* Resources */,
				0B04858E2A42279900AA28DC /* Embed Frameworks */,
			);
			buildRules = (
			);
			dependencies = (
			);
			name = ExampleApp;
			packageProductDependencies = (
			);
			productName = ExampleApp;
			productReference = 0B1C306629E9C8AD006363EB /* ExampleApp.app */;
			productType = "com.apple.product-type.application";
		};
/* End PBXNativeTarget section */

/* Begin PBXProject section */
		0B1C305E29E9C8AD006363EB /* Project object */ = {
			isa = PBXProject;
			attributes = {
				BuildIndependentTargetsInParallel = 1;
				LastSwiftUpdateCheck = 1430;
				LastUpgradeCheck = 1430;
				TargetAttributes = {
					0B1C306529E9C8AD006363EB = {
						CreatedOnToolsVersion = 14.3;
					};
				};
			};
			buildConfigurationList = 0B1C306129E9C8AD006363EB /* Build configuration list for PBXProject "ExampleApp" */;
			compatibilityVersion = "Xcode 14.0";
			developmentRegion = en;
			hasScannedForEncodings = 0;
			knownRegions = (
				en,
				Base,
			);
			mainGroup = 0B1C305D29E9C8AD006363EB;
			productRefGroup = 0B1C306729E9C8AD006363EB /* Products */;
			projectDirPath = "";
			projectReferences = (
				{
					ProductGroup = 0B0485812A42276800AA28DC /* Products */;
					ProjectRef = 0B0485802A42276800AA28DC /* CausalLabsSDK.xcodeproj */;
				},
			);
			projectRoot = "";
			targets = (
				0B1C306529E9C8AD006363EB /* ExampleApp */,
			);
		};
/* End PBXProject section */

/* Begin PBXReferenceProxy section */
		0B0485872A42276800AA28DC /* CausalLabsSDK.framework */ = {
			isa = PBXReferenceProxy;
			fileType = wrapper.framework;
			path = CausalLabsSDK.framework;
			remoteRef = 0B0485862A42276800AA28DC /* PBXContainerItemProxy */;
			sourceTree = BUILT_PRODUCTS_DIR;
		};
		0B0485892A42276800AA28DC /* UnitTests.xctest */ = {
			isa = PBXReferenceProxy;
			fileType = wrapper.cfbundle;
			path = UnitTests.xctest;
			remoteRef = 0B0485882A42276800AA28DC /* PBXContainerItemProxy */;
			sourceTree = BUILT_PRODUCTS_DIR;
		};
		0B04858B2A42276800AA28DC /* RealServerTests.xctest */ = {
			isa = PBXReferenceProxy;
			fileType = wrapper.cfbundle;
			path = RealServerTests.xctest;
			remoteRef = 0B04858A2A42276800AA28DC /* PBXContainerItemProxy */;
			sourceTree = BUILT_PRODUCTS_DIR;
		};
		0BE838C72A6091AA00E40141 /* EmptyFDLTests.xctest */ = {
			isa = PBXReferenceProxy;
			fileType = wrapper.cfbundle;
			path = EmptyFDLTests.xctest;
			remoteRef = 0BE838C62A6091AA00E40141 /* PBXContainerItemProxy */;
			sourceTree = BUILT_PRODUCTS_DIR;
		};
/* End PBXReferenceProxy section */

/* Begin PBXResourcesBuildPhase section */
		0B1C306429E9C8AD006363EB /* Resources */ = {
			isa = PBXResourcesBuildPhase;
			buildActionMask = 2147483647;
			files = (
				0B9EBB332A3D20DB00F2FECA /* Assets.xcassets in Resources */,
			);
			runOnlyForDeploymentPostprocessing = 0;
		};
/* End PBXResourcesBuildPhase section */

/* Begin PBXShellScriptBuildPhase section */
		0B6D844429E9D65900BEDA39 /* Causal FDL Generation */ = {
			isa = PBXShellScriptBuildPhase;
			alwaysOutOfDate = 1;
			buildActionMask = 2147483647;
			files = (
			);
			inputFileListPaths = (
			);
			inputPaths = (
			);
			name = "Causal FDL Generation";
			outputFileListPaths = (
			);
			outputPaths = (
			);
			runOnlyForDeploymentPostprocessing = 0;
			shellPath = /bin/sh;
			shellScript = "if [ -e ${PROJECT_DIR}/../../../docs/examples/getting-started/causal.fdl ]; then\n  cp ${PROJECT_DIR}/../../../docs/examples/getting-started/causal.fdl ${PROJECT_DIR}/Features.fdl\nfi\n\n${PROJECT_DIR}/../compiler/bin/compiler --swift \\\n        ${PROJECT_DIR}/Sources/Causal.generated.swift \\\n        ${PROJECT_DIR}/Features.fdl\n";
		};
/* End PBXShellScriptBuildPhase section */

/* Begin PBXSourcesBuildPhase section */
		0B1C306229E9C8AD006363EB /* Sources */ = {
			isa = PBXSourcesBuildPhase;
			buildActionMask = 2147483647;
			files = (
				0B1C306C29E9C8AD006363EB /* ContentView.swift in Sources */,
				0B6D844129E9D46500BEDA39 /* Causal.generated.swift in Sources */,
				0B84D37B2A391C33000E75CC /* OtherView.swift in Sources */,
				0B1C306A29E9C8AD006363EB /* App.swift in Sources */,
				0B9EBB312A3D202200F2FECA /* ExampleView.swift in Sources */,
			);
			runOnlyForDeploymentPostprocessing = 0;
		};
/* End PBXSourcesBuildPhase section */

/* Begin XCBuildConfiguration section */
		0B1C307229E9C8AF006363EB /* Debug */ = {
			isa = XCBuildConfiguration;
			buildSettings = {
				ALWAYS_SEARCH_USER_PATHS = NO;
				CLANG_ANALYZER_NONNULL = YES;
				CLANG_ANALYZER_NUMBER_OBJECT_CONVERSION = YES_AGGRESSIVE;
				CLANG_CXX_LANGUAGE_STANDARD = "gnu++20";
				CLANG_ENABLE_MODULES = YES;
				CLANG_ENABLE_OBJC_ARC = YES;
				CLANG_ENABLE_OBJC_WEAK = YES;
				CLANG_WARN_BLOCK_CAPTURE_AUTORELEASING = YES;
				CLANG_WARN_BOOL_CONVERSION = YES;
				CLANG_WARN_COMMA = YES;
				CLANG_WARN_CONSTANT_CONVERSION = YES;
				CLANG_WARN_DEPRECATED_OBJC_IMPLEMENTATIONS = YES;
				CLANG_WARN_DIRECT_OBJC_ISA_USAGE = YES_ERROR;
				CLANG_WARN_DOCUMENTATION_COMMENTS = YES;
				CLANG_WARN_EMPTY_BODY = YES;
				CLANG_WARN_ENUM_CONVERSION = YES;
				CLANG_WARN_INFINITE_RECURSION = YES;
				CLANG_WARN_INT_CONVERSION = YES;
				CLANG_WARN_NON_LITERAL_NULL_CONVERSION = YES;
				CLANG_WARN_OBJC_IMPLICIT_RETAIN_SELF = YES;
				CLANG_WARN_OBJC_LITERAL_CONVERSION = YES;
				CLANG_WARN_OBJC_ROOT_CLASS = YES_ERROR;
				CLANG_WARN_QUOTED_INCLUDE_IN_FRAMEWORK_HEADER = YES;
				CLANG_WARN_RANGE_LOOP_ANALYSIS = YES;
				CLANG_WARN_STRICT_PROTOTYPES = YES;
				CLANG_WARN_SUSPICIOUS_MOVE = YES;
				CLANG_WARN_UNGUARDED_AVAILABILITY = YES_AGGRESSIVE;
				CLANG_WARN_UNREACHABLE_CODE = YES;
				CLANG_WARN__DUPLICATE_METHOD_MATCH = YES;
				COPY_PHASE_STRIP = NO;
				DEBUG_INFORMATION_FORMAT = dwarf;
				ENABLE_STRICT_OBJC_MSGSEND = YES;
				ENABLE_TESTABILITY = YES;
				GCC_C_LANGUAGE_STANDARD = gnu11;
				GCC_DYNAMIC_NO_PIC = NO;
				GCC_NO_COMMON_BLOCKS = YES;
				GCC_OPTIMIZATION_LEVEL = 0;
				GCC_PREPROCESSOR_DEFINITIONS = (
					"DEBUG=1",
					"$(inherited)",
				);
				GCC_WARN_64_TO_32_BIT_CONVERSION = YES;
				GCC_WARN_ABOUT_RETURN_TYPE = YES_ERROR;
				GCC_WARN_UNDECLARED_SELECTOR = YES;
				GCC_WARN_UNINITIALIZED_AUTOS = YES_AGGRESSIVE;
				GCC_WARN_UNUSED_FUNCTION = YES;
				GCC_WARN_UNUSED_VARIABLE = YES;
				IPHONEOS_DEPLOYMENT_TARGET = 16.0;
				MTL_ENABLE_DEBUG_INFO = INCLUDE_SOURCE;
				MTL_FAST_MATH = YES;
				ONLY_ACTIVE_ARCH = YES;
				SDKROOT = iphoneos;
				SWIFT_ACTIVE_COMPILATION_CONDITIONS = DEBUG;
				SWIFT_OPTIMIZATION_LEVEL = "-Onone";
				SWIFT_VERSION = 5.0;
			};
			name = Debug;
		};
		0B1C307329E9C8AF006363EB /* Release */ = {
			isa = XCBuildConfiguration;
			buildSettings = {
				ALWAYS_SEARCH_USER_PATHS = NO;
				CLANG_ANALYZER_NONNULL = YES;
				CLANG_ANALYZER_NUMBER_OBJECT_CONVERSION = YES_AGGRESSIVE;
				CLANG_CXX_LANGUAGE_STANDARD = "gnu++20";
				CLANG_ENABLE_MODULES = YES;
				CLANG_ENABLE_OBJC_ARC = YES;
				CLANG_ENABLE_OBJC_WEAK = YES;
				CLANG_WARN_BLOCK_CAPTURE_AUTORELEASING = YES;
				CLANG_WARN_BOOL_CONVERSION = YES;
				CLANG_WARN_COMMA = YES;
				CLANG_WARN_CONSTANT_CONVERSION = YES;
				CLANG_WARN_DEPRECATED_OBJC_IMPLEMENTATIONS = YES;
				CLANG_WARN_DIRECT_OBJC_ISA_USAGE = YES_ERROR;
				CLANG_WARN_DOCUMENTATION_COMMENTS = YES;
				CLANG_WARN_EMPTY_BODY = YES;
				CLANG_WARN_ENUM_CONVERSION = YES;
				CLANG_WARN_INFINITE_RECURSION = YES;
				CLANG_WARN_INT_CONVERSION = YES;
				CLANG_WARN_NON_LITERAL_NULL_CONVERSION = YES;
				CLANG_WARN_OBJC_IMPLICIT_RETAIN_SELF = YES;
				CLANG_WARN_OBJC_LITERAL_CONVERSION = YES;
				CLANG_WARN_OBJC_ROOT_CLASS = YES_ERROR;
				CLANG_WARN_QUOTED_INCLUDE_IN_FRAMEWORK_HEADER = YES;
				CLANG_WARN_RANGE_LOOP_ANALYSIS = YES;
				CLANG_WARN_STRICT_PROTOTYPES = YES;
				CLANG_WARN_SUSPICIOUS_MOVE = YES;
				CLANG_WARN_UNGUARDED_AVAILABILITY = YES_AGGRESSIVE;
				CLANG_WARN_UNREACHABLE_CODE = YES;
				CLANG_WARN__DUPLICATE_METHOD_MATCH = YES;
				COPY_PHASE_STRIP = NO;
				DEBUG_INFORMATION_FORMAT = "dwarf-with-dsym";
				ENABLE_NS_ASSERTIONS = NO;
				ENABLE_STRICT_OBJC_MSGSEND = YES;
				GCC_C_LANGUAGE_STANDARD = gnu11;
				GCC_NO_COMMON_BLOCKS = YES;
				GCC_WARN_64_TO_32_BIT_CONVERSION = YES;
				GCC_WARN_ABOUT_RETURN_TYPE = YES_ERROR;
				GCC_WARN_UNDECLARED_SELECTOR = YES;
				GCC_WARN_UNINITIALIZED_AUTOS = YES_AGGRESSIVE;
				GCC_WARN_UNUSED_FUNCTION = YES;
				GCC_WARN_UNUSED_VARIABLE = YES;
				IPHONEOS_DEPLOYMENT_TARGET = 16.0;
				MTL_ENABLE_DEBUG_INFO = NO;
				MTL_FAST_MATH = YES;
				SDKROOT = iphoneos;
				SWIFT_COMPILATION_MODE = wholemodule;
				SWIFT_OPTIMIZATION_LEVEL = "-O";
				SWIFT_VERSION = 5.0;
				VALIDATE_PRODUCT = YES;
			};
			name = Release;
		};
		0B1C307529E9C8AF006363EB /* Debug */ = {
			isa = XCBuildConfiguration;
			buildSettings = {
				ASSETCATALOG_COMPILER_APPICON_NAME = AppIcon;
				ASSETCATALOG_COMPILER_GLOBAL_ACCENT_COLOR_NAME = AccentColor;
				CODE_SIGN_STYLE = Automatic;
				CURRENT_PROJECT_VERSION = 1;
				DEVELOPMENT_ASSET_PATHS = "";
				ENABLE_PREVIEWS = YES;
				GENERATE_INFOPLIST_FILE = YES;
				INFOPLIST_KEY_CFBundleDisplayName = "Causal Example";
				INFOPLIST_KEY_UIApplicationSceneManifest_Generation = YES;
				INFOPLIST_KEY_UIApplicationSupportsIndirectInputEvents = YES;
				INFOPLIST_KEY_UILaunchScreen_Generation = YES;
				INFOPLIST_KEY_UISupportedInterfaceOrientations = UIInterfaceOrientationPortrait;
				INFOPLIST_KEY_UISupportedInterfaceOrientations_iPad = "UIInterfaceOrientationLandscapeLeft UIInterfaceOrientationLandscapeRight UIInterfaceOrientationPortrait UIInterfaceOrientationPortraitUpsideDown";
				LD_RUNPATH_SEARCH_PATHS = (
					"$(inherited)",
					"@executable_path/Frameworks",
				);
				MARKETING_VERSION = 1.0;
				PRODUCT_BUNDLE_IDENTIFIER = io.causallabs.ExampleApp;
				PRODUCT_NAME = "$(TARGET_NAME)";
				SUPPORTED_PLATFORMS = "iphoneos iphonesimulator";
				SUPPORTS_MACCATALYST = NO;
				SUPPORTS_MAC_DESIGNED_FOR_IPHONE_IPAD = NO;
				SWIFT_EMIT_LOC_STRINGS = YES;
				SWIFT_VERSION = 5.0;
				TARGETED_DEVICE_FAMILY = 1;
			};
			name = Debug;
		};
		0B1C307629E9C8AF006363EB /* Release */ = {
			isa = XCBuildConfiguration;
			buildSettings = {
				ASSETCATALOG_COMPILER_APPICON_NAME = AppIcon;
				ASSETCATALOG_COMPILER_GLOBAL_ACCENT_COLOR_NAME = AccentColor;
				CODE_SIGN_STYLE = Automatic;
				CURRENT_PROJECT_VERSION = 1;
				DEVELOPMENT_ASSET_PATHS = "";
				ENABLE_PREVIEWS = YES;
				GENERATE_INFOPLIST_FILE = YES;
				INFOPLIST_KEY_CFBundleDisplayName = "Causal Example";
				INFOPLIST_KEY_UIApplicationSceneManifest_Generation = YES;
				INFOPLIST_KEY_UIApplicationSupportsIndirectInputEvents = YES;
				INFOPLIST_KEY_UILaunchScreen_Generation = YES;
				INFOPLIST_KEY_UISupportedInterfaceOrientations = UIInterfaceOrientationPortrait;
				INFOPLIST_KEY_UISupportedInterfaceOrientations_iPad = "UIInterfaceOrientationLandscapeLeft UIInterfaceOrientationLandscapeRight UIInterfaceOrientationPortrait UIInterfaceOrientationPortraitUpsideDown";
				LD_RUNPATH_SEARCH_PATHS = (
					"$(inherited)",
					"@executable_path/Frameworks",
				);
				MARKETING_VERSION = 1.0;
				PRODUCT_BUNDLE_IDENTIFIER = io.causallabs.ExampleApp;
				PRODUCT_NAME = "$(TARGET_NAME)";
				SUPPORTED_PLATFORMS = "iphoneos iphonesimulator";
				SUPPORTS_MACCATALYST = NO;
				SUPPORTS_MAC_DESIGNED_FOR_IPHONE_IPAD = NO;
				SWIFT_EMIT_LOC_STRINGS = YES;
				SWIFT_VERSION = 5.0;
				TARGETED_DEVICE_FAMILY = 1;
			};
			name = Release;
		};
/* End XCBuildConfiguration section */

/* Begin XCConfigurationList section */
		0B1C306129E9C8AD006363EB /* Build configuration list for PBXProject "ExampleApp" */ = {
			isa = XCConfigurationList;
			buildConfigurations = (
				0B1C307229E9C8AF006363EB /* Debug */,
				0B1C307329E9C8AF006363EB /* Release */,
			);
			defaultConfigurationIsVisible = 0;
			defaultConfigurationName = Release;
		};
		0B1C307429E9C8AF006363EB /* Build configuration list for PBXNativeTarget "ExampleApp" */ = {
			isa = XCConfigurationList;
			buildConfigurations = (
				0B1C307529E9C8AF006363EB /* Debug */,
				0B1C307629E9C8AF006363EB /* Release */,
			);
			defaultConfigurationIsVisible = 0;
			defaultConfigurationName = Release;
		};
/* End XCConfigurationList section */
	};
	rootObject = 0B1C305E29E9C8AD006363EB /* Project object */;
}
