// !$*UTF8*$!
{
	archiveVersion = 1;
	classes = {
	};
	objectVersion = 56;
	objects = {

/* Begin PBXBuildFile section */
		0B3717012A1465DA0029E91E /* FeatureCache.swift in Sources */ = {isa = PBXBuildFile; fileRef = 0B3717002A1465DA0029E91E /* FeatureCache.swift */; };
		0B3717062A1469770029E91E /* FeatureCacheTests.swift in Sources */ = {isa = PBXBuildFile; fileRef = 0B3717052A1469770029E91E /* FeatureCacheTests.swift */; };
		0B40E5572A5CA18600161AF7 /* SSEClientFactory.swift in Sources */ = {isa = PBXBuildFile; fileRef = 0B40E5562A5CA18600161AF7 /* SSEClientFactory.swift */; };
		0B4380FE2A352CEF00AD6563 /* FeatureViewModel.swift in Sources */ = {isa = PBXBuildFile; fileRef = 0B4380FD2A352CEF00AD6563 /* FeatureViewModel.swift */; };
		0B43F3812A0F1AC20065D3F2 /* JSONProcessor.swift in Sources */ = {isa = PBXBuildFile; fileRef = 0B43F3802A0F1AC20065D3F2 /* JSONProcessor.swift */; };
		0B43F3832A0F25110065D3F2 /* JSONProcessorTests.swift in Sources */ = {isa = PBXBuildFile; fileRef = 0B43F3822A0F25110065D3F2 /* JSONProcessorTests.swift */; };
		0B43F3852A0F26520065D3F2 /* Data+Extensions.swift in Sources */ = {isa = PBXBuildFile; fileRef = 0B43F3842A0F26520065D3F2 /* Data+Extensions.swift */; };
		0B4A5DFC29F1D4C800C3C55F /* CausalError.swift in Sources */ = {isa = PBXBuildFile; fileRef = 0B4A5DFB29F1D4C800C3C55F /* CausalError.swift */; };
		0B4A5DFE29F1D6FE00C3C55F /* Logger.swift in Sources */ = {isa = PBXBuildFile; fileRef = 0B4A5DFD29F1D6FE00C3C55F /* Logger.swift */; };
		0B6484252A12FAEA00EC1CC6 /* EventProtocol.swift in Sources */ = {isa = PBXBuildFile; fileRef = 0B6484242A12FAEA00EC1CC6 /* EventProtocol.swift */; };
		0B6484272A1304DC00EC1CC6 /* EventProtocolTests.swift in Sources */ = {isa = PBXBuildFile; fileRef = 0B6484262A1304DC00EC1CC6 /* EventProtocolTests.swift */; };
		0B8E0D2D29E8836200D19CA9 /* CausalLabsSDK.framework in Frameworks */ = {isa = PBXBuildFile; fileRef = 0B8E0D2429E8836100D19CA9 /* CausalLabsSDK.framework */; };
		0B8E0D3229E8836200D19CA9 /* CausalClientTests.swift in Sources */ = {isa = PBXBuildFile; fileRef = 0B8E0D3129E8836200D19CA9 /* CausalClientTests.swift */; };
		0B8E0D4429E8850700D19CA9 /* CausalClient.swift in Sources */ = {isa = PBXBuildFile; fileRef = 0B8E0D3C29E8850700D19CA9 /* CausalClient.swift */; };
		0B8E0D4629E8850700D19CA9 /* NetworkClient.swift in Sources */ = {isa = PBXBuildFile; fileRef = 0B8E0D3E29E8850700D19CA9 /* NetworkClient.swift */; };
		0B8E0D4A29E8850700D19CA9 /* SessionProtocol.swift in Sources */ = {isa = PBXBuildFile; fileRef = 0B8E0D4229E8850700D19CA9 /* SessionProtocol.swift */; };
		0B8E0D4B29E8850700D19CA9 /* FeatureProtocol.swift in Sources */ = {isa = PBXBuildFile; fileRef = 0B8E0D4329E8850700D19CA9 /* FeatureProtocol.swift */; };
		0B91EEFD2A2E90460031A5BC /* SessionTimer.swift in Sources */ = {isa = PBXBuildFile; fileRef = 0B91EEFC2A2E90460031A5BC /* SessionTimer.swift */; };
		0B91EEFF2A2E9B350031A5BC /* SessionTimerTests.swift in Sources */ = {isa = PBXBuildFile; fileRef = 0B91EEFE2A2E9B350031A5BC /* SessionTimerTests.swift */; };
		0BA206272A5F627E00F78E47 /* SSEMessage.swift in Sources */ = {isa = PBXBuildFile; fileRef = 0BA206262A5F627E00F78E47 /* SSEMessage.swift */; };
		0BA2062B2A5F6C8C00F78E47 /* EventSourceConfig+Extensions.swift in Sources */ = {isa = PBXBuildFile; fileRef = 0BA2062A2A5F6C8C00F78E47 /* EventSourceConfig+Extensions.swift */; };
		0BA2062D2A5F6CEE00F78E47 /* EventHandler.swift in Sources */ = {isa = PBXBuildFile; fileRef = 0BA2062C2A5F6CEE00F78E47 /* EventHandler.swift */; };
		0BAAFC222A60801100B18D08 /* CausalEventHandlerTests.swift in Sources */ = {isa = PBXBuildFile; fileRef = 0BAAFC212A60801100B18D08 /* CausalEventHandlerTests.swift */; };
		0BAAFC242A6081AA00B18D08 /* EventSourceConfigTests.swift in Sources */ = {isa = PBXBuildFile; fileRef = 0BAAFC232A6081AA00B18D08 /* EventSourceConfigTests.swift */; };
		0BAAFC262A6083DB00B18D08 /* SSEMessageTests.swift in Sources */ = {isa = PBXBuildFile; fileRef = 0BAAFC252A6083DB00B18D08 /* SSEMessageTests.swift */; };
		0BAAFC282A60863900B18D08 /* SSETests.swift in Sources */ = {isa = PBXBuildFile; fileRef = 0BAAFC272A60863900B18D08 /* SSETests.swift */; };
		0BAAFC2C2A60867A00B18D08 /* MockSSEClient.swift in Sources */ = {isa = PBXBuildFile; fileRef = 0BAAFC2B2A60867A00B18D08 /* MockSSEClient.swift */; };
		0BAC2DFB2A65EB1200E147A1 /* TestUtilities.swift in Sources */ = {isa = PBXBuildFile; fileRef = 0BAC2DFA2A65EB1200E147A1 /* TestUtilities.swift */; };
		0BAC2DFC2A65EB1200E147A1 /* TestUtilities.swift in Sources */ = {isa = PBXBuildFile; fileRef = 0BAC2DFA2A65EB1200E147A1 /* TestUtilities.swift */; };
		0BBBFC922A37F204004061AD /* TestExample.generated.swift in Sources */ = {isa = PBXBuildFile; fileRef = 0BFE2BFF2A0DB69F003C1B07 /* TestExample.generated.swift */; };
		0BBCC4992A4B6E4500C4BD8E /* CausalLabsSDK.framework in Frameworks */ = {isa = PBXBuildFile; fileRef = 0B8E0D2429E8836100D19CA9 /* CausalLabsSDK.framework */; };
		0BBCC4A52A4B6F9700C4BD8E /* EmptyFDLTests.swift in Sources */ = {isa = PBXBuildFile; fileRef = 0BBCC4A32A4B6F9300C4BD8E /* EmptyFDLTests.swift */; };
		0BBCC4A72A4B6FB000C4BD8E /* TestExampleEmpty.generated.swift in Sources */ = {isa = PBXBuildFile; fileRef = 0BBCC4A02A4B6EA000C4BD8E /* TestExampleEmpty.generated.swift */; };
		0BDE5E642A57D2DD0050582F /* LDSwiftEventSource in Frameworks */ = {isa = PBXBuildFile; productRef = 0BDE5E632A57D2DD0050582F /* LDSwiftEventSource */; };
		0BDE5E662A57D2F10050582F /* SSEClient.swift in Sources */ = {isa = PBXBuildFile; fileRef = 0BDE5E652A57D2F10050582F /* SSEClient.swift */; };
		0BE01BD329F9C6F000B59647 /* HTTPURLResponse+Extensions.swift in Sources */ = {isa = PBXBuildFile; fileRef = 0BE01BD229F9C6F000B59647 /* HTTPURLResponse+Extensions.swift */; };
		0BE01BD529F9ECAC00B59647 /* URLRequest+Extensions.swift in Sources */ = {isa = PBXBuildFile; fileRef = 0BE01BD429F9ECAC00B59647 /* URLRequest+Extensions.swift */; };
		0BE01BD729F9F9B600B59647 /* Typealiases.swift in Sources */ = {isa = PBXBuildFile; fileRef = 0BE01BD629F9F9B600B59647 /* Typealiases.swift */; };
		0BE01BD929F9FA1800B59647 /* CausalEndpoint.swift in Sources */ = {isa = PBXBuildFile; fileRef = 0BE01BD829F9FA1800B59647 /* CausalEndpoint.swift */; };
		0BE01BDB29FA00AE00B59647 /* URLRequestExtensionsTests.swift in Sources */ = {isa = PBXBuildFile; fileRef = 0BE01BDA29FA00AE00B59647 /* URLRequestExtensionsTests.swift */; };
		0BE01BDD29FA00C400B59647 /* HTTPURLResponseExtensionsTests.swift in Sources */ = {isa = PBXBuildFile; fileRef = 0BE01BDC29FA00C400B59647 /* HTTPURLResponseExtensionsTests.swift */; };
		0BE01BDF29FA02AC00B59647 /* CausalEndpointTests.swift in Sources */ = {isa = PBXBuildFile; fileRef = 0BE01BDE29FA02AC00B59647 /* CausalEndpointTests.swift */; };
		0BE01BE529FA053B00B59647 /* Fakes.swift in Sources */ = {isa = PBXBuildFile; fileRef = 0BE01BE029FA04C500B59647 /* Fakes.swift */; };
		0BE01BE629FA053B00B59647 /* Mocks.swift in Sources */ = {isa = PBXBuildFile; fileRef = 0BE01BE329FA053600B59647 /* Mocks.swift */; };
		0BE81B752A3BE5D600A0B7B0 /* CausalErrorTests.swift in Sources */ = {isa = PBXBuildFile; fileRef = 0BE81B742A3BE5D600A0B7B0 /* CausalErrorTests.swift */; };
		0BEE915929FB21AD002F60D7 /* RequiredOnce.swift in Sources */ = {isa = PBXBuildFile; fileRef = 0BEE915829FB21AD002F60D7 /* RequiredOnce.swift */; };
		0BFA741B2A4E57CD004626C2 /* FeatureRequestViewModifierTests.swift in Sources */ = {isa = PBXBuildFile; fileRef = 0BFA741A2A4E57CD004626C2 /* FeatureRequestViewModifierTests.swift */; };
		0BFE2C002A0DB69F003C1B07 /* TestExample.generated.swift in Sources */ = {isa = PBXBuildFile; fileRef = 0BFE2BFF2A0DB69F003C1B07 /* TestExample.generated.swift */; };
		0BFE2C022A0DC19C003C1B07 /* FeatureProtocolTests.swift in Sources */ = {isa = PBXBuildFile; fileRef = 0BFE2C012A0DC19C003C1B07 /* FeatureProtocolTests.swift */; };
		0BFE2C042A0DC624003C1B07 /* SessionProtocolTests.swift in Sources */ = {isa = PBXBuildFile; fileRef = 0BFE2C032A0DC624003C1B07 /* SessionProtocolTests.swift */; };
		542692762A5F521700794745 /* FDLGenerationTests.swift in Sources */ = {isa = PBXBuildFile; fileRef = 542692732A5F49C400794745 /* FDLGenerationTests.swift */; };
		9C2EBA0A2A37DA9400F3A6B8 /* CausalLabsSDK.framework in Frameworks */ = {isa = PBXBuildFile; fileRef = 0B8E0D2429E8836100D19CA9 /* CausalLabsSDK.framework */; platformFilter = ios; };
		9C2EBA102A37DA9F00F3A6B8 /* ClientTests.swift in Sources */ = {isa = PBXBuildFile; fileRef = 9C2EB9FB2A37D7BD00F3A6B8 /* ClientTests.swift */; };
/* End PBXBuildFile section */

/* Begin PBXContainerItemProxy section */
		0B8E0D2E29E8836200D19CA9 /* PBXContainerItemProxy */ = {
			isa = PBXContainerItemProxy;
			containerPortal = 0B8E0D1B29E8836100D19CA9 /* Project object */;
			proxyType = 1;
			remoteGlobalIDString = 0B8E0D2329E8836100D19CA9;
			remoteInfo = CausalLabsSDK;
		};
		0BBCC4872A4B6E4500C4BD8E /* PBXContainerItemProxy */ = {
			isa = PBXContainerItemProxy;
			containerPortal = 0B8E0D1B29E8836100D19CA9 /* Project object */;
			proxyType = 1;
			remoteGlobalIDString = 0B8E0D2329E8836100D19CA9;
			remoteInfo = CausalLabsSDK;
		};
		9C2EBA0B2A37DA9400F3A6B8 /* PBXContainerItemProxy */ = {
			isa = PBXContainerItemProxy;
			containerPortal = 0B8E0D1B29E8836100D19CA9 /* Project object */;
			proxyType = 1;
			remoteGlobalIDString = 0B8E0D2329E8836100D19CA9;
			remoteInfo = CausalLabsSDK;
		};
/* End PBXContainerItemProxy section */

/* Begin PBXFileReference section */
		0B10C14629EF24FA008BB585 /* UnitTests.xctestplan */ = {isa = PBXFileReference; lastKnownFileType = text; path = UnitTests.xctestplan; sourceTree = "<group>"; };
		0B3717002A1465DA0029E91E /* FeatureCache.swift */ = {isa = PBXFileReference; lastKnownFileType = sourcecode.swift; path = FeatureCache.swift; sourceTree = "<group>"; };
		0B3717052A1469770029E91E /* FeatureCacheTests.swift */ = {isa = PBXFileReference; lastKnownFileType = sourcecode.swift; path = FeatureCacheTests.swift; sourceTree = "<group>"; };
		0B40E5562A5CA18600161AF7 /* SSEClientFactory.swift */ = {isa = PBXFileReference; lastKnownFileType = sourcecode.swift; path = SSEClientFactory.swift; sourceTree = "<group>"; };
		0B4380FD2A352CEF00AD6563 /* FeatureViewModel.swift */ = {isa = PBXFileReference; lastKnownFileType = sourcecode.swift; path = FeatureViewModel.swift; sourceTree = "<group>"; };
		0B43F3802A0F1AC20065D3F2 /* JSONProcessor.swift */ = {isa = PBXFileReference; lastKnownFileType = sourcecode.swift; path = JSONProcessor.swift; sourceTree = "<group>"; };
		0B43F3822A0F25110065D3F2 /* JSONProcessorTests.swift */ = {isa = PBXFileReference; lastKnownFileType = sourcecode.swift; path = JSONProcessorTests.swift; sourceTree = "<group>"; };
		0B43F3842A0F26520065D3F2 /* Data+Extensions.swift */ = {isa = PBXFileReference; lastKnownFileType = sourcecode.swift; path = "Data+Extensions.swift"; sourceTree = "<group>"; };
		0B4A5DFB29F1D4C800C3C55F /* CausalError.swift */ = {isa = PBXFileReference; lastKnownFileType = sourcecode.swift; path = CausalError.swift; sourceTree = "<group>"; };
		0B4A5DFD29F1D6FE00C3C55F /* Logger.swift */ = {isa = PBXFileReference; lastKnownFileType = sourcecode.swift; path = Logger.swift; sourceTree = "<group>"; };
		0B6484242A12FAEA00EC1CC6 /* EventProtocol.swift */ = {isa = PBXFileReference; lastKnownFileType = sourcecode.swift; path = EventProtocol.swift; sourceTree = "<group>"; };
		0B6484262A1304DC00EC1CC6 /* EventProtocolTests.swift */ = {isa = PBXFileReference; lastKnownFileType = sourcecode.swift; path = EventProtocolTests.swift; sourceTree = "<group>"; };
		0B8E0D2429E8836100D19CA9 /* CausalLabsSDK.framework */ = {isa = PBXFileReference; explicitFileType = wrapper.framework; includeInIndex = 0; path = CausalLabsSDK.framework; sourceTree = BUILT_PRODUCTS_DIR; };
		0B8E0D2C29E8836200D19CA9 /* UnitTests.xctest */ = {isa = PBXFileReference; explicitFileType = wrapper.cfbundle; includeInIndex = 0; path = UnitTests.xctest; sourceTree = BUILT_PRODUCTS_DIR; };
		0B8E0D3129E8836200D19CA9 /* CausalClientTests.swift */ = {isa = PBXFileReference; lastKnownFileType = sourcecode.swift; path = CausalClientTests.swift; sourceTree = "<group>"; };
		0B8E0D3C29E8850700D19CA9 /* CausalClient.swift */ = {isa = PBXFileReference; fileEncoding = 4; lastKnownFileType = sourcecode.swift; path = CausalClient.swift; sourceTree = "<group>"; };
		0B8E0D3E29E8850700D19CA9 /* NetworkClient.swift */ = {isa = PBXFileReference; fileEncoding = 4; lastKnownFileType = sourcecode.swift; path = NetworkClient.swift; sourceTree = "<group>"; };
		0B8E0D4229E8850700D19CA9 /* SessionProtocol.swift */ = {isa = PBXFileReference; fileEncoding = 4; lastKnownFileType = sourcecode.swift; path = SessionProtocol.swift; sourceTree = "<group>"; };
		0B8E0D4329E8850700D19CA9 /* FeatureProtocol.swift */ = {isa = PBXFileReference; fileEncoding = 4; lastKnownFileType = sourcecode.swift; path = FeatureProtocol.swift; sourceTree = "<group>"; };
		0B91EEFC2A2E90460031A5BC /* SessionTimer.swift */ = {isa = PBXFileReference; lastKnownFileType = sourcecode.swift; path = SessionTimer.swift; sourceTree = "<group>"; };
		0B91EEFE2A2E9B350031A5BC /* SessionTimerTests.swift */ = {isa = PBXFileReference; lastKnownFileType = sourcecode.swift; path = SessionTimerTests.swift; sourceTree = "<group>"; };
		0BA206262A5F627E00F78E47 /* SSEMessage.swift */ = {isa = PBXFileReference; lastKnownFileType = sourcecode.swift; path = SSEMessage.swift; sourceTree = "<group>"; };
		0BA2062A2A5F6C8C00F78E47 /* EventSourceConfig+Extensions.swift */ = {isa = PBXFileReference; lastKnownFileType = sourcecode.swift; path = "EventSourceConfig+Extensions.swift"; sourceTree = "<group>"; };
		0BA2062C2A5F6CEE00F78E47 /* EventHandler.swift */ = {isa = PBXFileReference; lastKnownFileType = sourcecode.swift; path = EventHandler.swift; sourceTree = "<group>"; };
		0BAAFC212A60801100B18D08 /* CausalEventHandlerTests.swift */ = {isa = PBXFileReference; lastKnownFileType = sourcecode.swift; path = CausalEventHandlerTests.swift; sourceTree = "<group>"; };
		0BAAFC232A6081AA00B18D08 /* EventSourceConfigTests.swift */ = {isa = PBXFileReference; lastKnownFileType = sourcecode.swift; path = EventSourceConfigTests.swift; sourceTree = "<group>"; };
		0BAAFC252A6083DB00B18D08 /* SSEMessageTests.swift */ = {isa = PBXFileReference; lastKnownFileType = sourcecode.swift; path = SSEMessageTests.swift; sourceTree = "<group>"; };
		0BAAFC272A60863900B18D08 /* SSETests.swift */ = {isa = PBXFileReference; lastKnownFileType = sourcecode.swift; path = SSETests.swift; sourceTree = "<group>"; };
		0BAAFC2B2A60867A00B18D08 /* MockSSEClient.swift */ = {isa = PBXFileReference; lastKnownFileType = sourcecode.swift; path = MockSSEClient.swift; sourceTree = "<group>"; };
		0BAC2DFA2A65EB1200E147A1 /* TestUtilities.swift */ = {isa = PBXFileReference; lastKnownFileType = sourcecode.swift; path = TestUtilities.swift; sourceTree = "<group>"; };
		0BBBFC942A37F32E004061AD /* RealServerTests.xctestplan */ = {isa = PBXFileReference; lastKnownFileType = text; path = RealServerTests.xctestplan; sourceTree = "<group>"; };
		0BBCC49E2A4B6E4500C4BD8E /* EmptyFDLTests.xctest */ = {isa = PBXFileReference; explicitFileType = wrapper.cfbundle; includeInIndex = 0; path = EmptyFDLTests.xctest; sourceTree = BUILT_PRODUCTS_DIR; };
		0BBCC49F2A4B6EA000C4BD8E /* TestExampleEmpty.fdl */ = {isa = PBXFileReference; fileEncoding = 4; lastKnownFileType = text; path = TestExampleEmpty.fdl; sourceTree = "<group>"; };
		0BBCC4A02A4B6EA000C4BD8E /* TestExampleEmpty.generated.swift */ = {isa = PBXFileReference; fileEncoding = 4; lastKnownFileType = sourcecode.swift; path = TestExampleEmpty.generated.swift; sourceTree = "<group>"; };
		0BBCC4A32A4B6F9300C4BD8E /* EmptyFDLTests.swift */ = {isa = PBXFileReference; lastKnownFileType = sourcecode.swift; path = EmptyFDLTests.swift; sourceTree = "<group>"; };
		0BDE5E652A57D2F10050582F /* SSEClient.swift */ = {isa = PBXFileReference; lastKnownFileType = sourcecode.swift; path = SSEClient.swift; sourceTree = "<group>"; };
		0BE01BD229F9C6F000B59647 /* HTTPURLResponse+Extensions.swift */ = {isa = PBXFileReference; lastKnownFileType = sourcecode.swift; path = "HTTPURLResponse+Extensions.swift"; sourceTree = "<group>"; };
		0BE01BD429F9ECAC00B59647 /* URLRequest+Extensions.swift */ = {isa = PBXFileReference; lastKnownFileType = sourcecode.swift; path = "URLRequest+Extensions.swift"; sourceTree = "<group>"; };
		0BE01BD629F9F9B600B59647 /* Typealiases.swift */ = {isa = PBXFileReference; lastKnownFileType = sourcecode.swift; path = Typealiases.swift; sourceTree = "<group>"; };
		0BE01BD829F9FA1800B59647 /* CausalEndpoint.swift */ = {isa = PBXFileReference; lastKnownFileType = sourcecode.swift; path = CausalEndpoint.swift; sourceTree = "<group>"; };
		0BE01BDA29FA00AE00B59647 /* URLRequestExtensionsTests.swift */ = {isa = PBXFileReference; lastKnownFileType = sourcecode.swift; path = URLRequestExtensionsTests.swift; sourceTree = "<group>"; };
		0BE01BDC29FA00C400B59647 /* HTTPURLResponseExtensionsTests.swift */ = {isa = PBXFileReference; lastKnownFileType = sourcecode.swift; path = HTTPURLResponseExtensionsTests.swift; sourceTree = "<group>"; };
		0BE01BDE29FA02AC00B59647 /* CausalEndpointTests.swift */ = {isa = PBXFileReference; lastKnownFileType = sourcecode.swift; path = CausalEndpointTests.swift; sourceTree = "<group>"; };
		0BE01BE029FA04C500B59647 /* Fakes.swift */ = {isa = PBXFileReference; lastKnownFileType = sourcecode.swift; path = Fakes.swift; sourceTree = "<group>"; };
		0BE01BE329FA053600B59647 /* Mocks.swift */ = {isa = PBXFileReference; lastKnownFileType = sourcecode.swift; path = Mocks.swift; sourceTree = "<group>"; };
		0BE81B742A3BE5D600A0B7B0 /* CausalErrorTests.swift */ = {isa = PBXFileReference; lastKnownFileType = sourcecode.swift; path = CausalErrorTests.swift; sourceTree = "<group>"; };
		0BEE915829FB21AD002F60D7 /* RequiredOnce.swift */ = {isa = PBXFileReference; lastKnownFileType = sourcecode.swift; path = RequiredOnce.swift; sourceTree = "<group>"; };
		0BFA741A2A4E57CD004626C2 /* FeatureRequestViewModifierTests.swift */ = {isa = PBXFileReference; lastKnownFileType = sourcecode.swift; path = FeatureRequestViewModifierTests.swift; sourceTree = "<group>"; };
		0BFE2BFE2A0DB606003C1B07 /* TestExample.fdl */ = {isa = PBXFileReference; lastKnownFileType = text; path = TestExample.fdl; sourceTree = "<group>"; };
		0BFE2BFF2A0DB69F003C1B07 /* TestExample.generated.swift */ = {isa = PBXFileReference; lastKnownFileType = sourcecode.swift; path = TestExample.generated.swift; sourceTree = "<group>"; };
		0BFE2C012A0DC19C003C1B07 /* FeatureProtocolTests.swift */ = {isa = PBXFileReference; lastKnownFileType = sourcecode.swift; path = FeatureProtocolTests.swift; sourceTree = "<group>"; };
		0BFE2C032A0DC624003C1B07 /* SessionProtocolTests.swift */ = {isa = PBXFileReference; lastKnownFileType = sourcecode.swift; path = SessionProtocolTests.swift; sourceTree = "<group>"; };
		542692732A5F49C400794745 /* FDLGenerationTests.swift */ = {isa = PBXFileReference; lastKnownFileType = sourcecode.swift; path = FDLGenerationTests.swift; sourceTree = "<group>"; };
		9C2EB9FB2A37D7BD00F3A6B8 /* ClientTests.swift */ = {isa = PBXFileReference; fileEncoding = 4; lastKnownFileType = sourcecode.swift; path = ClientTests.swift; sourceTree = "<group>"; };
		9C2EBA062A37DA9400F3A6B8 /* RealServerTests.xctest */ = {isa = PBXFileReference; explicitFileType = wrapper.cfbundle; includeInIndex = 0; path = RealServerTests.xctest; sourceTree = BUILT_PRODUCTS_DIR; };
/* End PBXFileReference section */

/* Begin PBXFrameworksBuildPhase section */
		0B8E0D2129E8836100D19CA9 /* Frameworks */ = {
			isa = PBXFrameworksBuildPhase;
			buildActionMask = 2147483647;
			files = (
				0BDE5E642A57D2DD0050582F /* LDSwiftEventSource in Frameworks */,
			);
			runOnlyForDeploymentPostprocessing = 0;
		};
		0B8E0D2929E8836200D19CA9 /* Frameworks */ = {
			isa = PBXFrameworksBuildPhase;
			buildActionMask = 2147483647;
			files = (
				0B8E0D2D29E8836200D19CA9 /* CausalLabsSDK.framework in Frameworks */,
			);
			runOnlyForDeploymentPostprocessing = 0;
		};
		0BBCC4982A4B6E4500C4BD8E /* Frameworks */ = {
			isa = PBXFrameworksBuildPhase;
			buildActionMask = 2147483647;
			files = (
				0BBCC4992A4B6E4500C4BD8E /* CausalLabsSDK.framework in Frameworks */,
			);
			runOnlyForDeploymentPostprocessing = 0;
		};
		9C2EBA032A37DA9400F3A6B8 /* Frameworks */ = {
			isa = PBXFrameworksBuildPhase;
			buildActionMask = 2147483647;
			files = (
				9C2EBA0A2A37DA9400F3A6B8 /* CausalLabsSDK.framework in Frameworks */,
			);
			runOnlyForDeploymentPostprocessing = 0;
		};
/* End PBXFrameworksBuildPhase section */

/* Begin PBXGroup section */
		0B8E0D1A29E8836100D19CA9 = {
			isa = PBXGroup;
			children = (
				0B8E0D2629E8836100D19CA9 /* Sources */,
				0B8E0D3029E8836200D19CA9 /* Tests */,
				9C2EBA072A37DA9400F3A6B8 /* RealServerTests */,
				0B8E0D2529E8836100D19CA9 /* Products */,
			);
			sourceTree = "<group>";
		};
		0B8E0D2529E8836100D19CA9 /* Products */ = {
			isa = PBXGroup;
			children = (
				0B8E0D2429E8836100D19CA9 /* CausalLabsSDK.framework */,
				0B8E0D2C29E8836200D19CA9 /* UnitTests.xctest */,
				9C2EBA062A37DA9400F3A6B8 /* RealServerTests.xctest */,
				0BBCC49E2A4B6E4500C4BD8E /* EmptyFDLTests.xctest */,
			);
			name = Products;
			sourceTree = "<group>";
		};
		0B8E0D2629E8836100D19CA9 /* Sources */ = {
			isa = PBXGroup;
			children = (
				0B8E0D3C29E8850700D19CA9 /* CausalClient.swift */,
				0BE01BD829F9FA1800B59647 /* CausalEndpoint.swift */,
				0B4A5DFB29F1D4C800C3C55F /* CausalError.swift */,
				0B6484242A12FAEA00EC1CC6 /* EventProtocol.swift */,
				0BE01BD129F9C6DB00B59647 /* Extensions */,
				0B3717002A1465DA0029E91E /* FeatureCache.swift */,
				0B8E0D4329E8850700D19CA9 /* FeatureProtocol.swift */,
				0B4380FD2A352CEF00AD6563 /* FeatureViewModel.swift */,
				0B43F3802A0F1AC20065D3F2 /* JSONProcessor.swift */,
				0B4A5DFD29F1D6FE00C3C55F /* Logger.swift */,
				0B8E0D3E29E8850700D19CA9 /* NetworkClient.swift */,
				0BEE915829FB21AD002F60D7 /* RequiredOnce.swift */,
				0B8E0D4229E8850700D19CA9 /* SessionProtocol.swift */,
				0B91EEFC2A2E90460031A5BC /* SessionTimer.swift */,
				0BA206252A5F61FB00F78E47 /* SSE */,
				0BE01BD629F9F9B600B59647 /* Typealiases.swift */,
			);
			path = Sources;
			sourceTree = "<group>";
		};
		0B8E0D3029E8836200D19CA9 /* Tests */ = {
			isa = PBXGroup;
			children = (
				0B8E0D3129E8836200D19CA9 /* CausalClientTests.swift */,
				0BE01BDE29FA02AC00B59647 /* CausalEndpointTests.swift */,
				0BE81B742A3BE5D600A0B7B0 /* CausalErrorTests.swift */,
				0BAAFC212A60801100B18D08 /* CausalEventHandlerTests.swift */,
				0BBCC4A62A4B6FA200C4BD8E /* EmptyFDLTests */,
				0B6484262A1304DC00EC1CC6 /* EventProtocolTests.swift */,
				0BAAFC232A6081AA00B18D08 /* EventSourceConfigTests.swift */,
				542692732A5F49C400794745 /* FDLGenerationTests.swift */,
				0B3717052A1469770029E91E /* FeatureCacheTests.swift */,
				0BFE2C012A0DC19C003C1B07 /* FeatureProtocolTests.swift */,
				0BFA741A2A4E57CD004626C2 /* FeatureRequestViewModifierTests.swift */,
				0BE01BE229FA04CE00B59647 /* Fixtures */,
				0BE01BDC29FA00C400B59647 /* HTTPURLResponseExtensionsTests.swift */,
				0B43F3822A0F25110065D3F2 /* JSONProcessorTests.swift */,
				0BFE2C032A0DC624003C1B07 /* SessionProtocolTests.swift */,
				0B91EEFE2A2E9B350031A5BC /* SessionTimerTests.swift */,
				0BAAFC252A6083DB00B18D08 /* SSEMessageTests.swift */,
				0BAAFC272A60863900B18D08 /* SSETests.swift */,
				0B10C14629EF24FA008BB585 /* UnitTests.xctestplan */,
				0BE01BDA29FA00AE00B59647 /* URLRequestExtensionsTests.swift */,
			);
			path = Tests;
			sourceTree = "<group>";
		};
		0BA206252A5F61FB00F78E47 /* SSE */ = {
			isa = PBXGroup;
			children = (
				0BA2062C2A5F6CEE00F78E47 /* EventHandler.swift */,
				0BA2062A2A5F6C8C00F78E47 /* EventSourceConfig+Extensions.swift */,
				0BDE5E652A57D2F10050582F /* SSEClient.swift */,
				0B40E5562A5CA18600161AF7 /* SSEClientFactory.swift */,
				0BA206262A5F627E00F78E47 /* SSEMessage.swift */,
			);
			path = SSE;
			sourceTree = "<group>";
		};
		0BBCC4A62A4B6FA200C4BD8E /* EmptyFDLTests */ = {
			isa = PBXGroup;
			children = (
				0BBCC4A32A4B6F9300C4BD8E /* EmptyFDLTests.swift */,
				0BBCC49F2A4B6EA000C4BD8E /* TestExampleEmpty.fdl */,
				0BBCC4A02A4B6EA000C4BD8E /* TestExampleEmpty.generated.swift */,
			);
			path = EmptyFDLTests;
			sourceTree = "<group>";
		};
		0BE01BD129F9C6DB00B59647 /* Extensions */ = {
			isa = PBXGroup;
			children = (
				0B43F3842A0F26520065D3F2 /* Data+Extensions.swift */,
				0BE01BD229F9C6F000B59647 /* HTTPURLResponse+Extensions.swift */,
				0BE01BD429F9ECAC00B59647 /* URLRequest+Extensions.swift */,
			);
			path = Extensions;
			sourceTree = "<group>";
		};
		0BE01BE229FA04CE00B59647 /* Fixtures */ = {
			isa = PBXGroup;
			children = (
				0BE01BE029FA04C500B59647 /* Fakes.swift */,
				0BE01BE329FA053600B59647 /* Mocks.swift */,
				0BAAFC2B2A60867A00B18D08 /* MockSSEClient.swift */,
				0BFE2BFE2A0DB606003C1B07 /* TestExample.fdl */,
				0BFE2BFF2A0DB69F003C1B07 /* TestExample.generated.swift */,
				0BAC2DFA2A65EB1200E147A1 /* TestUtilities.swift */,
			);
			path = Fixtures;
			sourceTree = "<group>";
		};
		9C2EBA072A37DA9400F3A6B8 /* RealServerTests */ = {
			isa = PBXGroup;
			children = (
				9C2EB9FB2A37D7BD00F3A6B8 /* ClientTests.swift */,
				0BBBFC942A37F32E004061AD /* RealServerTests.xctestplan */,
			);
			path = RealServerTests;
			sourceTree = "<group>";
		};
/* End PBXGroup section */

/* Begin PBXHeadersBuildPhase section */
		0B8E0D1F29E8836100D19CA9 /* Headers */ = {
			isa = PBXHeadersBuildPhase;
			buildActionMask = 2147483647;
			files = (
			);
			runOnlyForDeploymentPostprocessing = 0;
		};
/* End PBXHeadersBuildPhase section */

/* Begin PBXNativeTarget section */
		0B8E0D2329E8836100D19CA9 /* CausalLabsSDK */ = {
			isa = PBXNativeTarget;
			buildConfigurationList = 0B8E0D3629E8836200D19CA9 /* Build configuration list for PBXNativeTarget "CausalLabsSDK" */;
			buildPhases = (
				0B8E0D1F29E8836100D19CA9 /* Headers */,
				0B8E0D2029E8836100D19CA9 /* Sources */,
				0B8E0D2129E8836100D19CA9 /* Frameworks */,
				0B8E0D2229E8836100D19CA9 /* Resources */,
				0B7D83EE29F3093500A867B8 /* SwiftLint */,
			);
			buildRules = (
			);
			dependencies = (
			);
			name = CausalLabsSDK;
			packageProductDependencies = (
				0BDE5E632A57D2DD0050582F /* LDSwiftEventSource */,
			);
			productName = CausalLabsSDK;
			productReference = 0B8E0D2429E8836100D19CA9 /* CausalLabsSDK.framework */;
			productType = "com.apple.product-type.framework";
		};
		0B8E0D2B29E8836200D19CA9 /* UnitTests */ = {
			isa = PBXNativeTarget;
			buildConfigurationList = 0B8E0D3929E8836200D19CA9 /* Build configuration list for PBXNativeTarget "UnitTests" */;
			buildPhases = (
				0BFE2BFD2A0DB5C5003C1B07 /* FDL Generation */,
				0B8E0D2829E8836200D19CA9 /* Sources */,
				0B8E0D2929E8836200D19CA9 /* Frameworks */,
				0B8E0D2A29E8836200D19CA9 /* Resources */,
			);
			buildRules = (
			);
			dependencies = (
				0B8E0D2F29E8836200D19CA9 /* PBXTargetDependency */,
			);
			name = UnitTests;
			productName = CausalLabsSDKTests;
			productReference = 0B8E0D2C29E8836200D19CA9 /* UnitTests.xctest */;
			productType = "com.apple.product-type.bundle.unit-test";
		};
		0BBCC4852A4B6E4500C4BD8E /* EmptyFDLTests */ = {
			isa = PBXNativeTarget;
			buildConfigurationList = 0BBCC49B2A4B6E4500C4BD8E /* Build configuration list for PBXNativeTarget "EmptyFDLTests" */;
			buildPhases = (
				0BBCC4882A4B6E4500C4BD8E /* FDL Generation */,
				0BBCC4892A4B6E4500C4BD8E /* Sources */,
				0BBCC4982A4B6E4500C4BD8E /* Frameworks */,
				0BBCC49A2A4B6E4500C4BD8E /* Resources */,
			);
			buildRules = (
			);
			dependencies = (
				0BBCC4862A4B6E4500C4BD8E /* PBXTargetDependency */,
			);
			name = EmptyFDLTests;
			productName = CausalLabsSDKTests;
			productReference = 0BBCC49E2A4B6E4500C4BD8E /* EmptyFDLTests.xctest */;
			productType = "com.apple.product-type.bundle.unit-test";
		};
		9C2EBA052A37DA9400F3A6B8 /* RealServerTests */ = {
			isa = PBXNativeTarget;
			buildConfigurationList = 9C2EBA0D2A37DA9400F3A6B8 /* Build configuration list for PBXNativeTarget "RealServerTests" */;
			buildPhases = (
				0BBBFC932A37F235004061AD /* FDL Generation */,
				9C2EBA022A37DA9400F3A6B8 /* Sources */,
				9C2EBA032A37DA9400F3A6B8 /* Frameworks */,
				9C2EBA042A37DA9400F3A6B8 /* Resources */,
			);
			buildRules = (
			);
			dependencies = (
				9C2EBA0C2A37DA9400F3A6B8 /* PBXTargetDependency */,
			);
			name = RealServerTests;
			productName = RealServerTests;
			productReference = 9C2EBA062A37DA9400F3A6B8 /* RealServerTests.xctest */;
			productType = "com.apple.product-type.bundle.unit-test";
		};
/* End PBXNativeTarget section */

/* Begin PBXProject section */
		0B8E0D1B29E8836100D19CA9 /* Project object */ = {
			isa = PBXProject;
			attributes = {
				BuildIndependentTargetsInParallel = 1;
				LastSwiftUpdateCheck = 1430;
				LastUpgradeCheck = 1430;
				ORGANIZATIONNAME = "Causal Labs, Inc.";
				TargetAttributes = {
					0B8E0D2329E8836100D19CA9 = {
						CreatedOnToolsVersion = 14.3;
						LastSwiftMigration = 1430;
					};
					0B8E0D2B29E8836200D19CA9 = {
						CreatedOnToolsVersion = 14.3;
					};
					9C2EBA052A37DA9400F3A6B8 = {
						CreatedOnToolsVersion = 14.3;
					};
				};
			};
			buildConfigurationList = 0B8E0D1E29E8836100D19CA9 /* Build configuration list for PBXProject "CausalLabsSDK" */;
			compatibilityVersion = "Xcode 14.0";
			developmentRegion = en;
			hasScannedForEncodings = 0;
			knownRegions = (
				en,
				Base,
			);
			mainGroup = 0B8E0D1A29E8836100D19CA9;
			packageReferences = (
				0BDE5E622A57D2DD0050582F /* XCRemoteSwiftPackageReference "swift-eventsource" */,
			);
			productRefGroup = 0B8E0D2529E8836100D19CA9 /* Products */;
			projectDirPath = "";
			projectRoot = "";
			targets = (
				0B8E0D2329E8836100D19CA9 /* CausalLabsSDK */,
				0B8E0D2B29E8836200D19CA9 /* UnitTests */,
				0BBCC4852A4B6E4500C4BD8E /* EmptyFDLTests */,
				9C2EBA052A37DA9400F3A6B8 /* RealServerTests */,
			);
		};
/* End PBXProject section */

/* Begin PBXResourcesBuildPhase section */
		0B8E0D2229E8836100D19CA9 /* Resources */ = {
			isa = PBXResourcesBuildPhase;
			buildActionMask = 2147483647;
			files = (
			);
			runOnlyForDeploymentPostprocessing = 0;
		};
		0B8E0D2A29E8836200D19CA9 /* Resources */ = {
			isa = PBXResourcesBuildPhase;
			buildActionMask = 2147483647;
			files = (
			);
			runOnlyForDeploymentPostprocessing = 0;
		};
		0BBCC49A2A4B6E4500C4BD8E /* Resources */ = {
			isa = PBXResourcesBuildPhase;
			buildActionMask = 2147483647;
			files = (
			);
			runOnlyForDeploymentPostprocessing = 0;
		};
		9C2EBA042A37DA9400F3A6B8 /* Resources */ = {
			isa = PBXResourcesBuildPhase;
			buildActionMask = 2147483647;
			files = (
			);
			runOnlyForDeploymentPostprocessing = 0;
		};
/* End PBXResourcesBuildPhase section */

/* Begin PBXShellScriptBuildPhase section */
		0B7D83EE29F3093500A867B8 /* SwiftLint */ = {
			isa = PBXShellScriptBuildPhase;
			alwaysOutOfDate = 1;
			buildActionMask = 2147483647;
			files = (
			);
			inputFileListPaths = (
			);
			inputPaths = (
			);
			name = SwiftLint;
			outputFileListPaths = (
			);
			outputPaths = (
			);
			runOnlyForDeploymentPostprocessing = 0;
			shellPath = /bin/zsh;
			shellScript = "${PROJECT_DIR}/scripts/lint.zsh\n";
			showEnvVarsInLog = 0;
		};
		0BBBFC932A37F235004061AD /* FDL Generation */ = {
			isa = PBXShellScriptBuildPhase;
			alwaysOutOfDate = 1;
			buildActionMask = 2147483647;
			files = (
			);
			inputFileListPaths = (
			);
			inputPaths = (
			);
			name = "FDL Generation";
			outputFileListPaths = (
			);
			outputPaths = (
			);
			runOnlyForDeploymentPostprocessing = 0;
			shellPath = /bin/sh;
			shellScript = "${PROJECT_DIR}/compiler/bin/compiler --swift \\\n        ${PROJECT_DIR}/Tests/Fixtures/TestExample.generated.swift \\\n        ${PROJECT_DIR}/Tests/Fixtures/TestExample.fdl\n";
		};
		0BBCC4882A4B6E4500C4BD8E /* FDL Generation */ = {
			isa = PBXShellScriptBuildPhase;
			alwaysOutOfDate = 1;
			buildActionMask = 2147483647;
			files = (
			);
			inputFileListPaths = (
			);
			inputPaths = (
			);
			name = "FDL Generation";
			outputFileListPaths = (
			);
			outputPaths = (
			);
			runOnlyForDeploymentPostprocessing = 0;
			shellPath = /bin/sh;
			shellScript = "${PROJECT_DIR}/compiler/bin/compiler --swift \\\n        ${PROJECT_DIR}/Tests/EmptyFDLTests/TestExampleEmpty.generated.swift \\\n        ${PROJECT_DIR}/Tests/EmptyFDLTests/TestExampleEmpty.fdl\n";
		};
		0BFE2BFD2A0DB5C5003C1B07 /* FDL Generation */ = {
			isa = PBXShellScriptBuildPhase;
			alwaysOutOfDate = 1;
			buildActionMask = 2147483647;
			files = (
			);
			inputFileListPaths = (
			);
			inputPaths = (
			);
			name = "FDL Generation";
			outputFileListPaths = (
			);
			outputPaths = (
			);
			runOnlyForDeploymentPostprocessing = 0;
			shellPath = /bin/sh;
			shellScript = "${PROJECT_DIR}/compiler/bin/compiler --swift \\\n        ${PROJECT_DIR}/Tests/Fixtures/TestExample.generated.swift \\\n        ${PROJECT_DIR}/Tests/Fixtures/TestExample.fdl\n";
		};
/* End PBXShellScriptBuildPhase section */

/* Begin PBXSourcesBuildPhase section */
		0B8E0D2029E8836100D19CA9 /* Sources */ = {
			isa = PBXSourcesBuildPhase;
			buildActionMask = 2147483647;
			files = (
				0B8E0D4429E8850700D19CA9 /* CausalClient.swift in Sources */,
				0BA2062B2A5F6C8C00F78E47 /* EventSourceConfig+Extensions.swift in Sources */,
				0B4A5DFC29F1D4C800C3C55F /* CausalError.swift in Sources */,
				0B8E0D4A29E8850700D19CA9 /* SessionProtocol.swift in Sources */,
				0B4A5DFE29F1D6FE00C3C55F /* Logger.swift in Sources */,
				0B8E0D4B29E8850700D19CA9 /* FeatureProtocol.swift in Sources */,
				0B4380FE2A352CEF00AD6563 /* FeatureViewModel.swift in Sources */,
				0BE01BD929F9FA1800B59647 /* CausalEndpoint.swift in Sources */,
				0BE01BD729F9F9B600B59647 /* Typealiases.swift in Sources */,
				0BE01BD529F9ECAC00B59647 /* URLRequest+Extensions.swift in Sources */,
				0B6484252A12FAEA00EC1CC6 /* EventProtocol.swift in Sources */,
				0B43F3812A0F1AC20065D3F2 /* JSONProcessor.swift in Sources */,
				0BEE915929FB21AD002F60D7 /* RequiredOnce.swift in Sources */,
				0B40E5572A5CA18600161AF7 /* SSEClientFactory.swift in Sources */,
				0B43F3852A0F26520065D3F2 /* Data+Extensions.swift in Sources */,
				0BA2062D2A5F6CEE00F78E47 /* EventHandler.swift in Sources */,
				0B8E0D4629E8850700D19CA9 /* NetworkClient.swift in Sources */,
				0BA206272A5F627E00F78E47 /* SSEMessage.swift in Sources */,
				0B3717012A1465DA0029E91E /* FeatureCache.swift in Sources */,
				0BE01BD329F9C6F000B59647 /* HTTPURLResponse+Extensions.swift in Sources */,
				0BDE5E662A57D2F10050582F /* SSEClient.swift in Sources */,
				0B91EEFD2A2E90460031A5BC /* SessionTimer.swift in Sources */,
			);
			runOnlyForDeploymentPostprocessing = 0;
		};
		0B8E0D2829E8836200D19CA9 /* Sources */ = {
			isa = PBXSourcesBuildPhase;
			buildActionMask = 2147483647;
			files = (
				0B43F3832A0F25110065D3F2 /* JSONProcessorTests.swift in Sources */,
				0B3717062A1469770029E91E /* FeatureCacheTests.swift in Sources */,
				0BE01BDD29FA00C400B59647 /* HTTPURLResponseExtensionsTests.swift in Sources */,
				0BE01BE529FA053B00B59647 /* Fakes.swift in Sources */,
				0BAC2DFB2A65EB1200E147A1 /* TestUtilities.swift in Sources */,
				542692762A5F521700794745 /* FDLGenerationTests.swift in Sources */,
				0BAAFC222A60801100B18D08 /* CausalEventHandlerTests.swift in Sources */,
				0BE01BDF29FA02AC00B59647 /* CausalEndpointTests.swift in Sources */,
				0BAAFC242A6081AA00B18D08 /* EventSourceConfigTests.swift in Sources */,
				0BFE2C002A0DB69F003C1B07 /* TestExample.generated.swift in Sources */,
				0B91EEFF2A2E9B350031A5BC /* SessionTimerTests.swift in Sources */,
				0B8E0D3229E8836200D19CA9 /* CausalClientTests.swift in Sources */,
				0BFA741B2A4E57CD004626C2 /* FeatureRequestViewModifierTests.swift in Sources */,
				0BAAFC282A60863900B18D08 /* SSETests.swift in Sources */,
				0BFE2C042A0DC624003C1B07 /* SessionProtocolTests.swift in Sources */,
				0B6484272A1304DC00EC1CC6 /* EventProtocolTests.swift in Sources */,
				0BE01BDB29FA00AE00B59647 /* URLRequestExtensionsTests.swift in Sources */,
				0BAAFC2C2A60867A00B18D08 /* MockSSEClient.swift in Sources */,
				0BE81B752A3BE5D600A0B7B0 /* CausalErrorTests.swift in Sources */,
				0BAAFC262A6083DB00B18D08 /* SSEMessageTests.swift in Sources */,
				0BFE2C022A0DC19C003C1B07 /* FeatureProtocolTests.swift in Sources */,
				0BE01BE629FA053B00B59647 /* Mocks.swift in Sources */,
			);
			runOnlyForDeploymentPostprocessing = 0;
		};
		0BBCC4892A4B6E4500C4BD8E /* Sources */ = {
			isa = PBXSourcesBuildPhase;
			buildActionMask = 2147483647;
			files = (
				0BBCC4A72A4B6FB000C4BD8E /* TestExampleEmpty.generated.swift in Sources */,
				0BBCC4A52A4B6F9700C4BD8E /* EmptyFDLTests.swift in Sources */,
			);
			runOnlyForDeploymentPostprocessing = 0;
		};
		9C2EBA022A37DA9400F3A6B8 /* Sources */ = {
			isa = PBXSourcesBuildPhase;
			buildActionMask = 2147483647;
			files = (
				0BAC2DFC2A65EB1200E147A1 /* TestUtilities.swift in Sources */,
				9C2EBA102A37DA9F00F3A6B8 /* ClientTests.swift in Sources */,
				0BBBFC922A37F204004061AD /* TestExample.generated.swift in Sources */,
			);
			runOnlyForDeploymentPostprocessing = 0;
		};
/* End PBXSourcesBuildPhase section */

/* Begin PBXTargetDependency section */
		0B8E0D2F29E8836200D19CA9 /* PBXTargetDependency */ = {
			isa = PBXTargetDependency;
			target = 0B8E0D2329E8836100D19CA9 /* CausalLabsSDK */;
			targetProxy = 0B8E0D2E29E8836200D19CA9 /* PBXContainerItemProxy */;
		};
		0BBCC4862A4B6E4500C4BD8E /* PBXTargetDependency */ = {
			isa = PBXTargetDependency;
			target = 0B8E0D2329E8836100D19CA9 /* CausalLabsSDK */;
			targetProxy = 0BBCC4872A4B6E4500C4BD8E /* PBXContainerItemProxy */;
		};
		9C2EBA0C2A37DA9400F3A6B8 /* PBXTargetDependency */ = {
			isa = PBXTargetDependency;
			platformFilter = ios;
			target = 0B8E0D2329E8836100D19CA9 /* CausalLabsSDK */;
			targetProxy = 9C2EBA0B2A37DA9400F3A6B8 /* PBXContainerItemProxy */;
		};
/* End PBXTargetDependency section */

/* Begin XCBuildConfiguration section */
		0B8E0D3429E8836200D19CA9 /* Debug */ = {
			isa = XCBuildConfiguration;
			buildSettings = {
				ALWAYS_SEARCH_USER_PATHS = NO;
				CLANG_ANALYZER_NONNULL = YES;
				CLANG_ANALYZER_NUMBER_OBJECT_CONVERSION = YES_AGGRESSIVE;
				CLANG_CXX_LANGUAGE_STANDARD = "gnu++20";
				CLANG_ENABLE_MODULES = YES;
				CLANG_ENABLE_OBJC_ARC = YES;
				CLANG_ENABLE_OBJC_WEAK = YES;
				CLANG_WARN_BLOCK_CAPTURE_AUTORELEASING = YES;
				CLANG_WARN_BOOL_CONVERSION = YES;
				CLANG_WARN_COMMA = YES;
				CLANG_WARN_CONSTANT_CONVERSION = YES;
				CLANG_WARN_DEPRECATED_OBJC_IMPLEMENTATIONS = YES;
				CLANG_WARN_DIRECT_OBJC_ISA_USAGE = YES_ERROR;
				CLANG_WARN_DOCUMENTATION_COMMENTS = YES;
				CLANG_WARN_EMPTY_BODY = YES;
				CLANG_WARN_ENUM_CONVERSION = YES;
				CLANG_WARN_INFINITE_RECURSION = YES;
				CLANG_WARN_INT_CONVERSION = YES;
				CLANG_WARN_NON_LITERAL_NULL_CONVERSION = YES;
				CLANG_WARN_OBJC_IMPLICIT_RETAIN_SELF = YES;
				CLANG_WARN_OBJC_LITERAL_CONVERSION = YES;
				CLANG_WARN_OBJC_ROOT_CLASS = YES_ERROR;
				CLANG_WARN_QUOTED_INCLUDE_IN_FRAMEWORK_HEADER = YES;
				CLANG_WARN_RANGE_LOOP_ANALYSIS = YES;
				CLANG_WARN_STRICT_PROTOTYPES = YES;
				CLANG_WARN_SUSPICIOUS_MOVE = YES;
				CLANG_WARN_UNGUARDED_AVAILABILITY = YES_AGGRESSIVE;
				CLANG_WARN_UNREACHABLE_CODE = YES;
				CLANG_WARN__DUPLICATE_METHOD_MATCH = YES;
				COPY_PHASE_STRIP = NO;
				CURRENT_PROJECT_VERSION = 1;
				DEBUG_INFORMATION_FORMAT = dwarf;
				ENABLE_STRICT_OBJC_MSGSEND = YES;
				ENABLE_TESTABILITY = YES;
				GCC_C_LANGUAGE_STANDARD = gnu11;
				GCC_DYNAMIC_NO_PIC = NO;
				GCC_NO_COMMON_BLOCKS = YES;
				GCC_OPTIMIZATION_LEVEL = 0;
				GCC_PREPROCESSOR_DEFINITIONS = (
					"DEBUG=1",
					"$(inherited)",
				);
				GCC_WARN_64_TO_32_BIT_CONVERSION = YES;
				GCC_WARN_ABOUT_RETURN_TYPE = YES_ERROR;
				GCC_WARN_UNDECLARED_SELECTOR = YES;
				GCC_WARN_UNINITIALIZED_AUTOS = YES_AGGRESSIVE;
				GCC_WARN_UNUSED_FUNCTION = YES;
				GCC_WARN_UNUSED_VARIABLE = YES;
				GENERATE_INFOPLIST_FILE = YES;
				IPHONEOS_DEPLOYMENT_TARGET = 13.0;
				MARKETING_VERSION = 1.0.0;
				MTL_ENABLE_DEBUG_INFO = INCLUDE_SOURCE;
				MTL_FAST_MATH = YES;
				ONLY_ACTIVE_ARCH = YES;
				SDKROOT = iphoneos;
				SWIFT_ACTIVE_COMPILATION_CONDITIONS = DEBUG;
				SWIFT_OPTIMIZATION_LEVEL = "-Onone";
				SWIFT_VERSION = 5.0;
				VERSIONING_SYSTEM = "apple-generic";
				VERSION_INFO_PREFIX = "";
			};
			name = Debug;
		};
		0B8E0D3529E8836200D19CA9 /* Release */ = {
			isa = XCBuildConfiguration;
			buildSettings = {
				ALWAYS_SEARCH_USER_PATHS = NO;
				CLANG_ANALYZER_NONNULL = YES;
				CLANG_ANALYZER_NUMBER_OBJECT_CONVERSION = YES_AGGRESSIVE;
				CLANG_CXX_LANGUAGE_STANDARD = "gnu++20";
				CLANG_ENABLE_MODULES = YES;
				CLANG_ENABLE_OBJC_ARC = YES;
				CLANG_ENABLE_OBJC_WEAK = YES;
				CLANG_WARN_BLOCK_CAPTURE_AUTORELEASING = YES;
				CLANG_WARN_BOOL_CONVERSION = YES;
				CLANG_WARN_COMMA = YES;
				CLANG_WARN_CONSTANT_CONVERSION = YES;
				CLANG_WARN_DEPRECATED_OBJC_IMPLEMENTATIONS = YES;
				CLANG_WARN_DIRECT_OBJC_ISA_USAGE = YES_ERROR;
				CLANG_WARN_DOCUMENTATION_COMMENTS = YES;
				CLANG_WARN_EMPTY_BODY = YES;
				CLANG_WARN_ENUM_CONVERSION = YES;
				CLANG_WARN_INFINITE_RECURSION = YES;
				CLANG_WARN_INT_CONVERSION = YES;
				CLANG_WARN_NON_LITERAL_NULL_CONVERSION = YES;
				CLANG_WARN_OBJC_IMPLICIT_RETAIN_SELF = YES;
				CLANG_WARN_OBJC_LITERAL_CONVERSION = YES;
				CLANG_WARN_OBJC_ROOT_CLASS = YES_ERROR;
				CLANG_WARN_QUOTED_INCLUDE_IN_FRAMEWORK_HEADER = YES;
				CLANG_WARN_RANGE_LOOP_ANALYSIS = YES;
				CLANG_WARN_STRICT_PROTOTYPES = YES;
				CLANG_WARN_SUSPICIOUS_MOVE = YES;
				CLANG_WARN_UNGUARDED_AVAILABILITY = YES_AGGRESSIVE;
				CLANG_WARN_UNREACHABLE_CODE = YES;
				CLANG_WARN__DUPLICATE_METHOD_MATCH = YES;
				COPY_PHASE_STRIP = NO;
				CURRENT_PROJECT_VERSION = 1;
				DEBUG_INFORMATION_FORMAT = "dwarf-with-dsym";
				ENABLE_NS_ASSERTIONS = NO;
				ENABLE_STRICT_OBJC_MSGSEND = YES;
				GCC_C_LANGUAGE_STANDARD = gnu11;
				GCC_NO_COMMON_BLOCKS = YES;
				GCC_WARN_64_TO_32_BIT_CONVERSION = YES;
				GCC_WARN_ABOUT_RETURN_TYPE = YES_ERROR;
				GCC_WARN_UNDECLARED_SELECTOR = YES;
				GCC_WARN_UNINITIALIZED_AUTOS = YES_AGGRESSIVE;
				GCC_WARN_UNUSED_FUNCTION = YES;
				GCC_WARN_UNUSED_VARIABLE = YES;
				GENERATE_INFOPLIST_FILE = YES;
				IPHONEOS_DEPLOYMENT_TARGET = 13.0;
				MARKETING_VERSION = 1.0.0;
				MTL_ENABLE_DEBUG_INFO = NO;
				MTL_FAST_MATH = YES;
				SDKROOT = iphoneos;
				SWIFT_COMPILATION_MODE = wholemodule;
				SWIFT_OPTIMIZATION_LEVEL = "-O";
				SWIFT_VERSION = 5.0;
				VALIDATE_PRODUCT = YES;
				VERSIONING_SYSTEM = "apple-generic";
				VERSION_INFO_PREFIX = "";
			};
			name = Release;
		};
		0B8E0D3729E8836200D19CA9 /* Debug */ = {
			isa = XCBuildConfiguration;
			buildSettings = {
				CLANG_ENABLE_MODULES = YES;
				CODE_SIGN_STYLE = Automatic;
				CURRENT_PROJECT_VERSION = 1;
				DEFINES_MODULE = YES;
				DYLIB_COMPATIBILITY_VERSION = 1;
				DYLIB_CURRENT_VERSION = 1;
				DYLIB_INSTALL_NAME_BASE = "@rpath";
				ENABLE_MODULE_VERIFIER = YES;
				INFOPLIST_KEY_NSHumanReadableCopyright = "";
				INSTALL_PATH = "$(LOCAL_LIBRARY_DIR)/Frameworks";
				LD_RUNPATH_SEARCH_PATHS = (
					"$(inherited)",
					"@executable_path/Frameworks",
					"@loader_path/Frameworks",
				);
				MARKETING_VERSION = 1.0;
				MODULE_VERIFIER_SUPPORTED_LANGUAGES = "objective-c objective-c++";
				MODULE_VERIFIER_SUPPORTED_LANGUAGE_STANDARDS = "gnu11 gnu++20";
				PRODUCT_BUNDLE_IDENTIFIER = io.causallabs.CausalLabsSDK;
				PRODUCT_NAME = "$(TARGET_NAME:c99extidentifier)";
				SKIP_INSTALL = YES;
				SUPPORTED_PLATFORMS = "iphoneos iphonesimulator";
				SUPPORTS_MACCATALYST = NO;
				SUPPORTS_MAC_DESIGNED_FOR_IPHONE_IPAD = NO;
				SWIFT_EMIT_LOC_STRINGS = YES;
				SWIFT_OPTIMIZATION_LEVEL = "-Onone";
				TARGETED_DEVICE_FAMILY = 1;
			};
			name = Debug;
		};
		0B8E0D3829E8836200D19CA9 /* Release */ = {
			isa = XCBuildConfiguration;
			buildSettings = {
				CLANG_ENABLE_MODULES = YES;
				CODE_SIGN_STYLE = Automatic;
				CURRENT_PROJECT_VERSION = 1;
				DEFINES_MODULE = YES;
				DYLIB_COMPATIBILITY_VERSION = 1;
				DYLIB_CURRENT_VERSION = 1;
				DYLIB_INSTALL_NAME_BASE = "@rpath";
				ENABLE_MODULE_VERIFIER = YES;
				INFOPLIST_KEY_NSHumanReadableCopyright = "";
				INSTALL_PATH = "$(LOCAL_LIBRARY_DIR)/Frameworks";
				LD_RUNPATH_SEARCH_PATHS = (
					"$(inherited)",
					"@executable_path/Frameworks",
					"@loader_path/Frameworks",
				);
				MARKETING_VERSION = 1.0;
				MODULE_VERIFIER_SUPPORTED_LANGUAGES = "objective-c objective-c++";
				MODULE_VERIFIER_SUPPORTED_LANGUAGE_STANDARDS = "gnu11 gnu++20";
				PRODUCT_BUNDLE_IDENTIFIER = io.causallabs.CausalLabsSDK;
				PRODUCT_NAME = "$(TARGET_NAME:c99extidentifier)";
				SKIP_INSTALL = YES;
				SUPPORTED_PLATFORMS = "iphoneos iphonesimulator";
				SUPPORTS_MACCATALYST = NO;
				SUPPORTS_MAC_DESIGNED_FOR_IPHONE_IPAD = NO;
				SWIFT_EMIT_LOC_STRINGS = YES;
				TARGETED_DEVICE_FAMILY = 1;
			};
			name = Release;
		};
		0B8E0D3A29E8836200D19CA9 /* Debug */ = {
			isa = XCBuildConfiguration;
			buildSettings = {
				ALWAYS_EMBED_SWIFT_STANDARD_LIBRARIES = YES;
				CODE_SIGN_STYLE = Automatic;
				CURRENT_PROJECT_VERSION = 1;
				MARKETING_VERSION = 1.0;
				PRODUCT_BUNDLE_IDENTIFIER = io.causallabs.CausalLabsSDKTests;
				PRODUCT_NAME = "$(TARGET_NAME)";
				SUPPORTS_MACCATALYST = NO;
				SUPPORTS_MAC_DESIGNED_FOR_IPHONE_IPAD = NO;
				SWIFT_EMIT_LOC_STRINGS = NO;
			};
			name = Debug;
		};
		0B8E0D3B29E8836200D19CA9 /* Release */ = {
			isa = XCBuildConfiguration;
			buildSettings = {
				ALWAYS_EMBED_SWIFT_STANDARD_LIBRARIES = YES;
				CODE_SIGN_STYLE = Automatic;
				CURRENT_PROJECT_VERSION = 1;
				MARKETING_VERSION = 1.0;
				PRODUCT_BUNDLE_IDENTIFIER = io.causallabs.CausalLabsSDKTests;
				PRODUCT_NAME = "$(TARGET_NAME)";
				SUPPORTS_MACCATALYST = NO;
				SUPPORTS_MAC_DESIGNED_FOR_IPHONE_IPAD = NO;
				SWIFT_EMIT_LOC_STRINGS = NO;
			};
			name = Release;
		};
		0BBCC49C2A4B6E4500C4BD8E /* Debug */ = {
			isa = XCBuildConfiguration;
			buildSettings = {
				ALWAYS_EMBED_SWIFT_STANDARD_LIBRARIES = YES;
				CODE_SIGN_STYLE = Automatic;
				CURRENT_PROJECT_VERSION = 1;
				MARKETING_VERSION = 1.0;
				PRODUCT_BUNDLE_IDENTIFIER = io.causallabs.CausalLabsSDKTests;
				PRODUCT_NAME = "$(TARGET_NAME)";
				SUPPORTS_MACCATALYST = NO;
				SUPPORTS_MAC_DESIGNED_FOR_IPHONE_IPAD = NO;
				SWIFT_EMIT_LOC_STRINGS = NO;
			};
			name = Debug;
		};
		0BBCC49D2A4B6E4500C4BD8E /* Release */ = {
			isa = XCBuildConfiguration;
			buildSettings = {
				ALWAYS_EMBED_SWIFT_STANDARD_LIBRARIES = YES;
				CODE_SIGN_STYLE = Automatic;
				CURRENT_PROJECT_VERSION = 1;
				MARKETING_VERSION = 1.0;
				PRODUCT_BUNDLE_IDENTIFIER = io.causallabs.CausalLabsSDKTests;
				PRODUCT_NAME = "$(TARGET_NAME)";
				SUPPORTS_MACCATALYST = NO;
				SUPPORTS_MAC_DESIGNED_FOR_IPHONE_IPAD = NO;
				SWIFT_EMIT_LOC_STRINGS = NO;
			};
			name = Release;
		};
		9C2EBA0E2A37DA9400F3A6B8 /* Debug */ = {
			isa = XCBuildConfiguration;
			buildSettings = {
				CODE_SIGN_STYLE = Automatic;
				CURRENT_PROJECT_VERSION = 1;
				GENERATE_INFOPLIST_FILE = YES;
				MARKETING_VERSION = 1.0;
				PRODUCT_BUNDLE_IDENTIFIER = io.CausalLabs.RealServerTests.RealServerTests;
				PRODUCT_NAME = "$(TARGET_NAME)";
				SUPPORTS_MACCATALYST = NO;
				SUPPORTS_MAC_DESIGNED_FOR_IPHONE_IPAD = NO;
				SWIFT_EMIT_LOC_STRINGS = NO;
				SWIFT_VERSION = 5.0;
			};
			name = Debug;
		};
		9C2EBA0F2A37DA9400F3A6B8 /* Release */ = {
			isa = XCBuildConfiguration;
			buildSettings = {
				CODE_SIGN_STYLE = Automatic;
				CURRENT_PROJECT_VERSION = 1;
				GENERATE_INFOPLIST_FILE = YES;
				MARKETING_VERSION = 1.0;
				PRODUCT_BUNDLE_IDENTIFIER = io.CausalLabs.RealServerTests.RealServerTests;
				PRODUCT_NAME = "$(TARGET_NAME)";
				SUPPORTS_MACCATALYST = NO;
				SUPPORTS_MAC_DESIGNED_FOR_IPHONE_IPAD = NO;
				SWIFT_EMIT_LOC_STRINGS = NO;
				SWIFT_VERSION = 5.0;
			};
			name = Release;
		};
/* End XCBuildConfiguration section */

/* Begin XCConfigurationList section */
		0B8E0D1E29E8836100D19CA9 /* Build configuration list for PBXProject "CausalLabsSDK" */ = {
			isa = XCConfigurationList;
			buildConfigurations = (
				0B8E0D3429E8836200D19CA9 /* Debug */,
				0B8E0D3529E8836200D19CA9 /* Release */,
			);
			defaultConfigurationIsVisible = 0;
			defaultConfigurationName = Release;
		};
		0B8E0D3629E8836200D19CA9 /* Build configuration list for PBXNativeTarget "CausalLabsSDK" */ = {
			isa = XCConfigurationList;
			buildConfigurations = (
				0B8E0D3729E8836200D19CA9 /* Debug */,
				0B8E0D3829E8836200D19CA9 /* Release */,
			);
			defaultConfigurationIsVisible = 0;
			defaultConfigurationName = Release;
		};
		0B8E0D3929E8836200D19CA9 /* Build configuration list for PBXNativeTarget "UnitTests" */ = {
			isa = XCConfigurationList;
			buildConfigurations = (
				0B8E0D3A29E8836200D19CA9 /* Debug */,
				0B8E0D3B29E8836200D19CA9 /* Release */,
			);
			defaultConfigurationIsVisible = 0;
			defaultConfigurationName = Release;
		};
		0BBCC49B2A4B6E4500C4BD8E /* Build configuration list for PBXNativeTarget "EmptyFDLTests" */ = {
			isa = XCConfigurationList;
			buildConfigurations = (
				0BBCC49C2A4B6E4500C4BD8E /* Debug */,
				0BBCC49D2A4B6E4500C4BD8E /* Release */,
			);
			defaultConfigurationIsVisible = 0;
			defaultConfigurationName = Release;
		};
		9C2EBA0D2A37DA9400F3A6B8 /* Build configuration list for PBXNativeTarget "RealServerTests" */ = {
			isa = XCConfigurationList;
			buildConfigurations = (
				9C2EBA0E2A37DA9400F3A6B8 /* Debug */,
				9C2EBA0F2A37DA9400F3A6B8 /* Release */,
			);
			defaultConfigurationIsVisible = 0;
			defaultConfigurationName = Release;
		};
/* End XCConfigurationList section */

/* Begin XCRemoteSwiftPackageReference section */
		0BDE5E622A57D2DD0050582F /* XCRemoteSwiftPackageReference "swift-eventsource" */ = {
			isa = XCRemoteSwiftPackageReference;
			repositoryURL = "https://github.com/LaunchDarkly/swift-eventsource.git";
			requirement = {
				kind = upToNextMajorVersion;
				minimumVersion = 3.0.0;
			};
		};
/* End XCRemoteSwiftPackageReference section */

/* Begin XCSwiftPackageProductDependency section */
		0BDE5E632A57D2DD0050582F /* LDSwiftEventSource */ = {
			isa = XCSwiftPackageProductDependency;
			package = 0BDE5E622A57D2DD0050582F /* XCRemoteSwiftPackageReference "swift-eventsource" */;
			productName = LDSwiftEventSource;
		};
/* End XCSwiftPackageProductDependency section */
	};
	rootObject = 0B8E0D1B29E8836100D19CA9 /* Project object */;
}
